// !$*UTF8*$!
{
	archiveVersion = 1;
	classes = {
	};
	objectVersion = 46;
	objects = {

/* Begin PBXBuildFile section */
		69C33ABB1E684ED300C4C997 /* FullPhotoViewController.swift in Sources */ = {isa = PBXBuildFile; fileRef = 69C33ABA1E684ED300C4C997 /* FullPhotoViewController.swift */; };
		69CF24111E6A05BF007F6BD3 /* PlaceViewController.swift in Sources */ = {isa = PBXBuildFile; fileRef = 69CF24101E6A05BF007F6BD3 /* PlaceViewController.swift */; };
		69CF24131E6A10D6007F6BD3 /* FBSDKShareKit.framework in Frameworks */ = {isa = PBXBuildFile; fileRef = 69CF24121E6A10D6007F6BD3 /* FBSDKShareKit.framework */; };
		69EA8ED81E670D4F006560FC /* AppDelegate.swift in Sources */ = {isa = PBXBuildFile; fileRef = 69EA8ED71E670D4F006560FC /* AppDelegate.swift */; };
		69EA8EDD1E670D4F006560FC /* Main.storyboard in Resources */ = {isa = PBXBuildFile; fileRef = 69EA8EDB1E670D4F006560FC /* Main.storyboard */; };
		69EA8EDF1E670D4F006560FC /* Assets.xcassets in Resources */ = {isa = PBXBuildFile; fileRef = 69EA8EDE1E670D4F006560FC /* Assets.xcassets */; };
		69EA8EE21E670D4F006560FC /* LaunchScreen.storyboard in Resources */ = {isa = PBXBuildFile; fileRef = 69EA8EE01E670D4F006560FC /* LaunchScreen.storyboard */; };
		69EA8EF51E670F5F006560FC /* Bolts.framework in Frameworks */ = {isa = PBXBuildFile; fileRef = 69EA8EF21E670F5F006560FC /* Bolts.framework */; };
		69EA8EF61E670F5F006560FC /* FBSDKCoreKit.framework in Frameworks */ = {isa = PBXBuildFile; fileRef = 69EA8EF31E670F5F006560FC /* FBSDKCoreKit.framework */; };
		69EA8EF71E670F5F006560FC /* FBSDKLoginKit.framework in Frameworks */ = {isa = PBXBuildFile; fileRef = 69EA8EF41E670F5F006560FC /* FBSDKLoginKit.framework */; };
		69EA8EF91E671255006560FC /* LoginViewController.swift in Sources */ = {isa = PBXBuildFile; fileRef = 69EA8EF81E671255006560FC /* LoginViewController.swift */; };
		69EA8EFB1E6712B6006560FC /* Constants.swift in Sources */ = {isa = PBXBuildFile; fileRef = 69EA8EFA1E6712B6006560FC /* Constants.swift */; };
		69EA8F011E67180F006560FC /* FBUser.swift in Sources */ = {isa = PBXBuildFile; fileRef = 69EA8F001E67180F006560FC /* FBUser.swift */; };
		69EA8F031E674482006560FC /* AlbumsTableViewController.swift in Sources */ = {isa = PBXBuildFile; fileRef = 69EA8F021E674482006560FC /* AlbumsTableViewController.swift */; };
		69EA8F051E6744AA006560FC /* AlbumTableViewCell.swift in Sources */ = {isa = PBXBuildFile; fileRef = 69EA8F041E6744AA006560FC /* AlbumTableViewCell.swift */; };
		69EA8F071E6745A2006560FC /* UIImageExt.swift in Sources */ = {isa = PBXBuildFile; fileRef = 69EA8F061E6745A2006560FC /* UIImageExt.swift */; };
		69EA8F091E6747B8006560FC /* FBAlbum.swift in Sources */ = {isa = PBXBuildFile; fileRef = 69EA8F081E6747B8006560FC /* FBAlbum.swift */; };
		69EA8F0D1E675DCF006560FC /* FBPhoto.swift in Sources */ = {isa = PBXBuildFile; fileRef = 69EA8F0C1E675DCF006560FC /* FBPhoto.swift */; };
		69EA8F0F1E67695C006560FC /* FacebookAPI.swift in Sources */ = {isa = PBXBuildFile; fileRef = 69EA8F0E1E67695C006560FC /* FacebookAPI.swift */; };
		69EA8F111E678005006560FC /* ImagesRepo.swift in Sources */ = {isa = PBXBuildFile; fileRef = 69EA8F101E678005006560FC /* ImagesRepo.swift */; };
		69EA8F131E6783C8006560FC /* FBImage.swift in Sources */ = {isa = PBXBuildFile; fileRef = 69EA8F121E6783C8006560FC /* FBImage.swift */; };
		69EA8F161E67F4BB006560FC /* PhotoTableViewCell.swift in Sources */ = {isa = PBXBuildFile; fileRef = 69EA8F141E67F4BB006560FC /* PhotoTableViewCell.swift */; };
		69EA8F171E67F4BB006560FC /* PhotosTableViewController.swift in Sources */ = {isa = PBXBuildFile; fileRef = 69EA8F151E67F4BB006560FC /* PhotosTableViewController.swift */; };
/* End PBXBuildFile section */

/* Begin PBXFileReference section */
		69C33ABA1E684ED300C4C997 /* FullPhotoViewController.swift */ = {isa = PBXFileReference; fileEncoding = 4; lastKnownFileType = sourcecode.swift; path = FullPhotoViewController.swift; sourceTree = "<group>"; };
		69CF24101E6A05BF007F6BD3 /* PlaceViewController.swift */ = {isa = PBXFileReference; fileEncoding = 4; lastKnownFileType = sourcecode.swift; path = PlaceViewController.swift; sourceTree = "<group>"; };
		69CF24121E6A10D6007F6BD3 /* FBSDKShareKit.framework */ = {isa = PBXFileReference; lastKnownFileType = wrapper.framework; path = FBSDKShareKit.framework; sourceTree = "<group>"; };
		69EA8ED41E670D4F006560FC /* Albums.app */ = {isa = PBXFileReference; explicitFileType = wrapper.application; includeInIndex = 0; path = Albums.app; sourceTree = BUILT_PRODUCTS_DIR; };
		69EA8ED71E670D4F006560FC /* AppDelegate.swift */ = {isa = PBXFileReference; lastKnownFileType = sourcecode.swift; path = AppDelegate.swift; sourceTree = "<group>"; };
		69EA8EDC1E670D4F006560FC /* Base */ = {isa = PBXFileReference; lastKnownFileType = file.storyboard; name = Base; path = Base.lproj/Main.storyboard; sourceTree = "<group>"; };
		69EA8EDE1E670D4F006560FC /* Assets.xcassets */ = {isa = PBXFileReference; lastKnownFileType = folder.assetcatalog; path = Assets.xcassets; sourceTree = "<group>"; };
		69EA8EE11E670D4F006560FC /* Base */ = {isa = PBXFileReference; lastKnownFileType = file.storyboard; name = Base; path = Base.lproj/LaunchScreen.storyboard; sourceTree = "<group>"; };
		69EA8EE31E670D4F006560FC /* Info.plist */ = {isa = PBXFileReference; lastKnownFileType = text.plist.xml; path = Info.plist; sourceTree = "<group>"; };
		69EA8EF21E670F5F006560FC /* Bolts.framework */ = {isa = PBXFileReference; lastKnownFileType = wrapper.framework; path = Bolts.framework; sourceTree = "<group>"; };
		69EA8EF31E670F5F006560FC /* FBSDKCoreKit.framework */ = {isa = PBXFileReference; lastKnownFileType = wrapper.framework; path = FBSDKCoreKit.framework; sourceTree = "<group>"; };
		69EA8EF41E670F5F006560FC /* FBSDKLoginKit.framework */ = {isa = PBXFileReference; lastKnownFileType = wrapper.framework; path = FBSDKLoginKit.framework; sourceTree = "<group>"; };
		69EA8EF81E671255006560FC /* LoginViewController.swift */ = {isa = PBXFileReference; fileEncoding = 4; lastKnownFileType = sourcecode.swift; path = LoginViewController.swift; sourceTree = "<group>"; };
		69EA8EFA1E6712B6006560FC /* Constants.swift */ = {isa = PBXFileReference; fileEncoding = 4; lastKnownFileType = sourcecode.swift; path = Constants.swift; sourceTree = "<group>"; };
		69EA8F001E67180F006560FC /* FBUser.swift */ = {isa = PBXFileReference; fileEncoding = 4; lastKnownFileType = sourcecode.swift; path = FBUser.swift; sourceTree = "<group>"; };
		69EA8F021E674482006560FC /* AlbumsTableViewController.swift */ = {isa = PBXFileReference; fileEncoding = 4; lastKnownFileType = sourcecode.swift; path = AlbumsTableViewController.swift; sourceTree = "<group>"; };
		69EA8F041E6744AA006560FC /* AlbumTableViewCell.swift */ = {isa = PBXFileReference; fileEncoding = 4; lastKnownFileType = sourcecode.swift; path = AlbumTableViewCell.swift; sourceTree = "<group>"; };
		69EA8F061E6745A2006560FC /* UIImageExt.swift */ = {isa = PBXFileReference; fileEncoding = 4; lastKnownFileType = sourcecode.swift; path = UIImageExt.swift; sourceTree = "<group>"; };
		69EA8F081E6747B8006560FC /* FBAlbum.swift */ = {isa = PBXFileReference; fileEncoding = 4; lastKnownFileType = sourcecode.swift; path = FBAlbum.swift; sourceTree = "<group>"; };
		69EA8F0C1E675DCF006560FC /* FBPhoto.swift */ = {isa = PBXFileReference; fileEncoding = 4; lastKnownFileType = sourcecode.swift; path = FBPhoto.swift; sourceTree = "<group>"; };
		69EA8F0E1E67695C006560FC /* FacebookAPI.swift */ = {isa = PBXFileReference; fileEncoding = 4; lastKnownFileType = sourcecode.swift; path = FacebookAPI.swift; sourceTree = "<group>"; };
		69EA8F101E678005006560FC /* ImagesRepo.swift */ = {isa = PBXFileReference; fileEncoding = 4; lastKnownFileType = sourcecode.swift; path = ImagesRepo.swift; sourceTree = "<group>"; };
		69EA8F121E6783C8006560FC /* FBImage.swift */ = {isa = PBXFileReference; fileEncoding = 4; lastKnownFileType = sourcecode.swift; path = FBImage.swift; sourceTree = "<group>"; };
		69EA8F141E67F4BB006560FC /* PhotoTableViewCell.swift */ = {isa = PBXFileReference; fileEncoding = 4; lastKnownFileType = sourcecode.swift; path = PhotoTableViewCell.swift; sourceTree = "<group>"; };
		69EA8F151E67F4BB006560FC /* PhotosTableViewController.swift */ = {isa = PBXFileReference; fileEncoding = 4; lastKnownFileType = sourcecode.swift; path = PhotosTableViewController.swift; sourceTree = "<group>"; };
/* End PBXFileReference section */

/* Begin PBXFrameworksBuildPhase section */
		69EA8ED11E670D4F006560FC /* Frameworks */ = {
			isa = PBXFrameworksBuildPhase;
			buildActionMask = 2147483647;
			files = (
				69CF24131E6A10D6007F6BD3 /* FBSDKShareKit.framework in Frameworks */,
				69EA8EF51E670F5F006560FC /* Bolts.framework in Frameworks */,
				69EA8EF61E670F5F006560FC /* FBSDKCoreKit.framework in Frameworks */,
				69EA8EF71E670F5F006560FC /* FBSDKLoginKit.framework in Frameworks */,
			);
			runOnlyForDeploymentPostprocessing = 0;
		};
/* End PBXFrameworksBuildPhase section */

/* Begin PBXGroup section */
		69EA8ECB1E670D4F006560FC = {
			isa = PBXGroup;
			children = (
				69EA8EF11E670F09006560FC /* Frameworks */,
				69EA8ED61E670D4F006560FC /* Albums */,
				69EA8ED51E670D4F006560FC /* Products */,
			);
			sourceTree = "<group>";
		};
		69EA8ED51E670D4F006560FC /* Products */ = {
			isa = PBXGroup;
			children = (
				69EA8ED41E670D4F006560FC /* Albums.app */,
			);
			name = Products;
			sourceTree = "<group>";
		};
		69EA8ED61E670D4F006560FC /* Albums */ = {
			isa = PBXGroup;
			children = (
				69EA8EFF1E6717C7006560FC /* Resources */,
				69EA8EFE1E6717AE006560FC /* View */,
				69EA8EFC1E6712CA006560FC /* Model */,
				69EA8EFD1E6717A1006560FC /* Controller */,
			);
			path = Albums;
			sourceTree = "<group>";
		};
		69EA8EF11E670F09006560FC /* Frameworks */ = {
			isa = PBXGroup;
			children = (
				69CF24121E6A10D6007F6BD3 /* FBSDKShareKit.framework */,
				69EA8EF21E670F5F006560FC /* Bolts.framework */,
				69EA8EF31E670F5F006560FC /* FBSDKCoreKit.framework */,
				69EA8EF41E670F5F006560FC /* FBSDKLoginKit.framework */,
			);
			name = Frameworks;
			path = Albums;
			sourceTree = "<group>";
		};
		69EA8EFC1E6712CA006560FC /* Model */ = {
			isa = PBXGroup;
			children = (
				69EA8F101E678005006560FC /* ImagesRepo.swift */,
				69EA8F121E6783C8006560FC /* FBImage.swift */,
				69EA8F0E1E67695C006560FC /* FacebookAPI.swift */,
				69EA8F001E67180F006560FC /* FBUser.swift */,
				69EA8F081E6747B8006560FC /* FBAlbum.swift */,
				69EA8F0C1E675DCF006560FC /* FBPhoto.swift */,
				69EA8ED71E670D4F006560FC /* AppDelegate.swift */,
				69EA8EFA1E6712B6006560FC /* Constants.swift */,
			);
			name = Model;
			sourceTree = "<group>";
		};
		69EA8EFD1E6717A1006560FC /* Controller */ = {
			isa = PBXGroup;
			children = (
				69CF24101E6A05BF007F6BD3 /* PlaceViewController.swift */,
				69C33ABA1E684ED300C4C997 /* FullPhotoViewController.swift */,
				69EA8F151E67F4BB006560FC /* PhotosTableViewController.swift */,
				69EA8EF81E671255006560FC /* LoginViewController.swift */,
				69EA8F021E674482006560FC /* AlbumsTableViewController.swift */,
			);
			name = Controller;
			sourceTree = "<group>";
		};
		69EA8EFE1E6717AE006560FC /* View */ = {
			isa = PBXGroup;
			children = (
				69EA8F041E6744AA006560FC /* AlbumTableViewCell.swift */,
				69EA8F141E67F4BB006560FC /* PhotoTableViewCell.swift */,
				69EA8F061E6745A2006560FC /* UIImageExt.swift */,
				69EA8EDB1E670D4F006560FC /* Main.storyboard */,
				69EA8EE01E670D4F006560FC /* LaunchScreen.storyboard */,
			);
			name = View;
			sourceTree = "<group>";
		};
		69EA8EFF1E6717C7006560FC /* Resources */ = {
			isa = PBXGroup;
			children = (
				69EA8EDE1E670D4F006560FC /* Assets.xcassets */,
				69EA8EE31E670D4F006560FC /* Info.plist */,
			);
			name = Resources;
			sourceTree = "<group>";
		};
/* End PBXGroup section */

/* Begin PBXNativeTarget section */
		69EA8ED31E670D4F006560FC /* Albums */ = {
			isa = PBXNativeTarget;
			buildConfigurationList = 69EA8EE61E670D4F006560FC /* Build configuration list for PBXNativeTarget "Albums" */;
			buildPhases = (
				69EA8ED01E670D4F006560FC /* Sources */,
				69EA8ED11E670D4F006560FC /* Frameworks */,
				69EA8ED21E670D4F006560FC /* Resources */,
			);
			buildRules = (
			);
			dependencies = (
			);
			name = Albums;
			productName = Albums;
			productReference = 69EA8ED41E670D4F006560FC /* Albums.app */;
			productType = "com.apple.product-type.application";
		};
/* End PBXNativeTarget section */

/* Begin PBXProject section */
		69EA8ECC1E670D4F006560FC /* Project object */ = {
			isa = PBXProject;
			attributes = {
				LastSwiftUpdateCheck = 0820;
				LastUpgradeCheck = 0820;
				ORGANIZATIONNAME = "Mikhail Kulichkov";
				TargetAttributes = {
					69EA8ED31E670D4F006560FC = {
						CreatedOnToolsVersion = 8.2.1;
						DevelopmentTeam = PY3Q8L7FLF;
						ProvisioningStyle = Automatic;
					};
				};
			};
			buildConfigurationList = 69EA8ECF1E670D4F006560FC /* Build configuration list for PBXProject "Albums" */;
			compatibilityVersion = "Xcode 3.2";
			developmentRegion = English;
			hasScannedForEncodings = 0;
			knownRegions = (
				en,
				Base,
			);
			mainGroup = 69EA8ECB1E670D4F006560FC;
			productRefGroup = 69EA8ED51E670D4F006560FC /* Products */;
			projectDirPath = "";
			projectRoot = "";
			targets = (
				69EA8ED31E670D4F006560FC /* Albums */,
			);
		};
/* End PBXProject section */

/* Begin PBXResourcesBuildPhase section */
		69EA8ED21E670D4F006560FC /* Resources */ = {
			isa = PBXResourcesBuildPhase;
			buildActionMask = 2147483647;
			files = (
				69EA8EE21E670D4F006560FC /* LaunchScreen.storyboard in Resources */,
				69EA8EDF1E670D4F006560FC /* Assets.xcassets in Resources */,
				69EA8EDD1E670D4F006560FC /* Main.storyboard in Resources */,
			);
			runOnlyForDeploymentPostprocessing = 0;
		};
/* End PBXResourcesBuildPhase section */

/* Begin PBXSourcesBuildPhase section */
		69EA8ED01E670D4F006560FC /* Sources */ = {
			isa = PBXSourcesBuildPhase;
			buildActionMask = 2147483647;
			files = (
				69EA8F111E678005006560FC /* ImagesRepo.swift in Sources */,
				69EA8F0D1E675DCF006560FC /* FBPhoto.swift in Sources */,
				69EA8EF91E671255006560FC /* LoginViewController.swift in Sources */,
				69EA8ED81E670D4F006560FC /* AppDelegate.swift in Sources */,
				69EA8F071E6745A2006560FC /* UIImageExt.swift in Sources */,
				69EA8F011E67180F006560FC /* FBUser.swift in Sources */,
				69EA8EFB1E6712B6006560FC /* Constants.swift in Sources */,
				69EA8F031E674482006560FC /* AlbumsTableViewController.swift in Sources */,
				69CF24111E6A05BF007F6BD3 /* PlaceViewController.swift in Sources */,
				69EA8F051E6744AA006560FC /* AlbumTableViewCell.swift in Sources */,
				69EA8F0F1E67695C006560FC /* FacebookAPI.swift in Sources */,
				69EA8F161E67F4BB006560FC /* PhotoTableViewCell.swift in Sources */,
				69EA8F171E67F4BB006560FC /* PhotosTableViewController.swift in Sources */,
				69C33ABB1E684ED300C4C997 /* FullPhotoViewController.swift in Sources */,
				69EA8F091E6747B8006560FC /* FBAlbum.swift in Sources */,
				69EA8F131E6783C8006560FC /* FBImage.swift in Sources */,
			);
			runOnlyForDeploymentPostprocessing = 0;
		};
/* End PBXSourcesBuildPhase section */

/* Begin PBXVariantGroup section */
		69EA8EDB1E670D4F006560FC /* Main.storyboard */ = {
			isa = PBXVariantGroup;
			children = (
				69EA8EDC1E670D4F006560FC /* Base */,
			);
			name = Main.storyboard;
			sourceTree = "<group>";
		};
		69EA8EE01E670D4F006560FC /* LaunchScreen.storyboard */ = {
			isa = PBXVariantGroup;
			children = (
				69EA8EE11E670D4F006560FC /* Base */,
			);
			name = LaunchScreen.storyboard;
			sourceTree = "<group>";
		};
/* End PBXVariantGroup section */

/* Begin XCBuildConfiguration section */
		69EA8EE41E670D4F006560FC /* Debug */ = {
			isa = XCBuildConfiguration;
			buildSettings = {
				ALWAYS_SEARCH_USER_PATHS = NO;
				CLANG_ANALYZER_NONNULL = YES;
				CLANG_CXX_LANGUAGE_STANDARD = "gnu++0x";
				CLANG_CXX_LIBRARY = "libc++";
				CLANG_ENABLE_MODULES = YES;
				CLANG_ENABLE_OBJC_ARC = YES;
				CLANG_WARN_BOOL_CONVERSION = YES;
				CLANG_WARN_CONSTANT_CONVERSION = YES;
				CLANG_WARN_DIRECT_OBJC_ISA_USAGE = YES_ERROR;
				CLANG_WARN_DOCUMENTATION_COMMENTS = YES;
				CLANG_WARN_EMPTY_BODY = YES;
				CLANG_WARN_ENUM_CONVERSION = YES;
				CLANG_WARN_INFINITE_RECURSION = YES;
				CLANG_WARN_INT_CONVERSION = YES;
				CLANG_WARN_OBJC_ROOT_CLASS = YES_ERROR;
				CLANG_WARN_SUSPICIOUS_MOVE = YES;
				CLANG_WARN_UNREACHABLE_CODE = YES;
				CLANG_WARN__DUPLICATE_METHOD_MATCH = YES;
				"CODE_SIGN_IDENTITY[sdk=iphoneos*]" = "iPhone Developer";
				COPY_PHASE_STRIP = NO;
				DEBUG_INFORMATION_FORMAT = dwarf;
				ENABLE_STRICT_OBJC_MSGSEND = YES;
				ENABLE_TESTABILITY = YES;
				GCC_C_LANGUAGE_STANDARD = gnu99;
				GCC_DYNAMIC_NO_PIC = NO;
				GCC_NO_COMMON_BLOCKS = YES;
				GCC_OPTIMIZATION_LEVEL = 0;
				GCC_PREPROCESSOR_DEFINITIONS = (
					"DEBUG=1",
					"$(inherited)",
				);
				GCC_WARN_64_TO_32_BIT_CONVERSION = YES;
				GCC_WARN_ABOUT_RETURN_TYPE = YES_ERROR;
				GCC_WARN_UNDECLARED_SELECTOR = YES;
				GCC_WARN_UNINITIALIZED_AUTOS = YES_AGGRESSIVE;
				GCC_WARN_UNUSED_FUNCTION = YES;
				GCC_WARN_UNUSED_VARIABLE = YES;
				IPHONEOS_DEPLOYMENT_TARGET = 8.0;
				MTL_ENABLE_DEBUG_INFO = YES;
				ONLY_ACTIVE_ARCH = YES;
				SDKROOT = iphoneos;
				SWIFT_ACTIVE_COMPILATION_CONDITIONS = DEBUG;
				SWIFT_OPTIMIZATION_LEVEL = "-Onone";
			};
			name = Debug;
		};
		69EA8EE51E670D4F006560FC /* Release */ = {
			isa = XCBuildConfiguration;
			buildSettings = {
				ALWAYS_SEARCH_USER_PATHS = NO;
				CLANG_ANALYZER_NONNULL = YES;
				CLANG_CXX_LANGUAGE_STANDARD = "gnu++0x";
				CLANG_CXX_LIBRARY = "libc++";
				CLANG_ENABLE_MODULES = YES;
				CLANG_ENABLE_OBJC_ARC = YES;
				CLANG_WARN_BOOL_CONVERSION = YES;
				CLANG_WARN_CONSTANT_CONVERSION = YES;
				CLANG_WARN_DIRECT_OBJC_ISA_USAGE = YES_ERROR;
				CLANG_WARN_DOCUMENTATION_COMMENTS = YES;
				CLANG_WARN_EMPTY_BODY = YES;
				CLANG_WARN_ENUM_CONVERSION = YES;
				CLANG_WARN_INFINITE_RECURSION = YES;
				CLANG_WARN_INT_CONVERSION = YES;
				CLANG_WARN_OBJC_ROOT_CLASS = YES_ERROR;
				CLANG_WARN_SUSPICIOUS_MOVE = YES;
				CLANG_WARN_UNREACHABLE_CODE = YES;
				CLANG_WARN__DUPLICATE_METHOD_MATCH = YES;
				"CODE_SIGN_IDENTITY[sdk=iphoneos*]" = "iPhone Developer";
				COPY_PHASE_STRIP = NO;
				DEBUG_INFORMATION_FORMAT = "dwarf-with-dsym";
				ENABLE_NS_ASSERTIONS = NO;
				ENABLE_STRICT_OBJC_MSGSEND = YES;
				GCC_C_LANGUAGE_STANDARD = gnu99;
				GCC_NO_COMMON_BLOCKS = YES;
				GCC_WARN_64_TO_32_BIT_CONVERSION = YES;
				GCC_WARN_ABOUT_RETURN_TYPE = YES_ERROR;
				GCC_WARN_UNDECLARED_SELECTOR = YES;
				GCC_WARN_UNINITIALIZED_AUTOS = YES_AGGRESSIVE;
				GCC_WARN_UNUSED_FUNCTION = YES;
				GCC_WARN_UNUSED_VARIABLE = YES;
				IPHONEOS_DEPLOYMENT_TARGET = 8.0;
				MTL_ENABLE_DEBUG_INFO = NO;
				SDKROOT = iphoneos;
				SWIFT_OPTIMIZATION_LEVEL = "-Owholemodule";
				VALIDATE_PRODUCT = YES;
			};
			name = Release;
		};
		69EA8EE71E670D4F006560FC /* Debug */ = {
			isa = XCBuildConfiguration;
			buildSettings = {
				ASSETCATALOG_COMPILER_APPICON_NAME = AppIcon;
				DEVELOPMENT_TEAM = PY3Q8L7FLF;
				FRAMEWORK_SEARCH_PATHS = (
					"$(inherited)",
					"$(PROJECT_DIR)/Albums",
				);
				INFOPLIST_FILE = Albums/Info.plist;
				IPHONEOS_DEPLOYMENT_TARGET = 8.0;
				LD_RUNPATH_SEARCH_PATHS = "$(inherited) @executable_path/Frameworks";
				PRODUCT_BUNDLE_IDENTIFIER = com.kulichkov.swift.Albums;
				PRODUCT_NAME = "$(TARGET_NAME)";
				SWIFT_VERSION = 3.0;
			};
			name = Debug;
		};
		69EA8EE81E670D4F006560FC /* Release */ = {
			isa = XCBuildConfiguration;
			buildSettings = {
				ASSETCATALOG_COMPILER_APPICON_NAME = AppIcon;
				DEVELOPMENT_TEAM = PY3Q8L7FLF;
				FRAMEWORK_SEARCH_PATHS = (
					"$(inherited)",
					"$(PROJECT_DIR)/Albums",
				);
				INFOPLIST_FILE = Albums/Info.plist;
				IPHONEOS_DEPLOYMENT_TARGET = 8.0;
				LD_RUNPATH_SEARCH_PATHS = "$(inherited) @executable_path/Frameworks";
				PRODUCT_BUNDLE_IDENTIFIER = com.kulichkov.swift.Albums;
				PRODUCT_NAME = "$(TARGET_NAME)";
				SWIFT_VERSION = 3.0;
			};
			name = Release;
		};
/* End XCBuildConfiguration section */

/* Begin XCConfigurationList section */
		69EA8ECF1E670D4F006560FC /* Build configuration list for PBXProject "Albums" */ = {
			isa = XCConfigurationList;
			buildConfigurations = (
				69EA8EE41E670D4F006560FC /* Debug */,
				69EA8EE51E670D4F006560FC /* Release */,
			);
			defaultConfigurationIsVisible = 0;
			defaultConfigurationName = Release;
		};
		69EA8EE61E670D4F006560FC /* Build configuration list for PBXNativeTarget "Albums" */ = {
			isa = XCConfigurationList;
			buildConfigurations = (
				69EA8EE71E670D4F006560FC /* Debug */,
				69EA8EE81E670D4F006560FC /* Release */,
			);
			defaultConfigurationIsVisible = 0;
			defaultConfigurationName = Release;
		};
/* End XCConfigurationList section */
	};
	rootObject = 69EA8ECC1E670D4F006560FC /* Project object */;
}
